{
    "_readme": [
        "This file locks the dependencies of your project to a known state",
        "Read more about it at https://getcomposer.org/doc/01-basic-usage.md#composer-lock-the-lock-file",
        "This file is @generated automatically"
    ],
    "hash": "7f4a82244a2d2118dfa3cbbb81cbcfc3",
    "content-hash": "fcf424808ec1381ffd32eb100f7c9505",
    "packages": [
        {
            "name": "krakjoe/pthreads-polyfill",
            "version": "v1.1.0",
            "source": {
                "type": "git",
                "url": "https://github.com/krakjoe/pthreads-polyfill.git",
                "reference": "e0b6b34aca142dda943bf8ade046285fd2000c35"
            },
            "dist": {
                "type": "zip",
                "url": "https://api.github.com/repos/krakjoe/pthreads-polyfill/zipball/e0b6b34aca142dda943bf8ade046285fd2000c35",
                "reference": "e0b6b34aca142dda943bf8ade046285fd2000c35",
                "shasum": ""
            },
            "require-dev": {
                "phpunit/phpunit": "^5"
            },
            "type": "library",
            "autoload": {
                "files": [
                    "src/Collectable.php",
                    "src/Threaded.php",
                    "src/Volatile.php",
                    "src/Thread.php",
                    "src/Worker.php",
                    "src/Pool.php"
                ]
            },
            "notification-url": "https://packagist.org/downloads/",
            "license": [
                "PHP"
            ],
            "authors": [
                {
                    "name": "Joe Watkins",
                    "email": "krakjoe@php.net"
                }
            ],
            "description": "A polyfill for pthreads",
            "homepage": "http://pthreads.org/",
            "keywords": [
                "polyfill",
                "pthreads"
            ],
            "time": "2015-11-16 08:24:31"
        }
    ],
    "packages-dev": [
        {
            "name": "atoum/atoum",
            "version": "2.8.2",
            "source": {
                "type": "git",
                "url": "https://github.com/atoum/atoum.git",
                "reference": "4d0136b21185eea5fc2ee638f77b291e6c537100"
            },
            "dist": {
                "type": "zip",
                "url": "https://api.github.com/repos/atoum/atoum/zipball/4d0136b21185eea5fc2ee638f77b291e6c537100",
                "reference": "4d0136b21185eea5fc2ee638f77b291e6c537100",
                "shasum": ""
            },
            "require": {
                "ext-hash": "*",
                "ext-json": "*",
                "ext-session": "*",
                "ext-tokenizer": "*",
                "ext-xml": "*",
                "php": ">=5.3.3"
            },
            "replace": {
                "mageekguy/atoum": "*"
            },
            "suggest": {
                "atoum/stubs": "Provides IDE support (like autocompletion) for atoum",
                "ext-mbstring": "Provides support for UTF-8 strings"
            },
            "bin": [
                "bin/atoum"
            ],
            "type": "library",
            "extra": {
                "branch-alias": {
                    "dev-master": "2.x-dev"
                }
            },
            "autoload": {
                "classmap": [
                    "classes/"
                ]
            },
            "notification-url": "https://packagist.org/downloads/",
            "license": [
                "BSD-3-Clause"
            ],
            "authors": [
                {
                    "name": "Frédéric Hardy",
                    "email": "frederic.hardy@atoum.org",
                    "homepage": "http://blog.mageekbox.net"
                },
                {
                    "name": "François Dussert",
                    "email": "francois.dussert@atoum.org"
                },
                {
                    "name": "Gérald Croes",
                    "email": "gerald.croes@atoum.org"
                },
                {
                    "name": "Julien Bianchi",
                    "email": "julien.bianchi@atoum.org"
                },
                {
                    "name": "Ludovic Fleury",
                    "email": "ludovic.fleury@atoum.org"
                }
            ],
            "description": "Simple modern and intuitive unit testing framework for PHP 5.3+",
            "homepage": "http://www.atoum.org",
            "keywords": [
                "TDD",
                "atoum",
                "test",
                "unit testing"
            ],
            "time": "2016-08-12 13:45:10"
        }
    ],
    "aliases": [],
    "minimum-stability": "stable",
    "stability-flags": [],
    "prefer-stable": false,
    "prefer-lowest": false,
    "platform": {
        "php": ">=7.0.0"
    },
    "platform-dev": []
}
